// !$*UTF8*$!
{
	archiveVersion = 1;
	classes = {
	};
	objectVersion = 56;
	objects = {

/* Begin PBXBuildFile section */
		F032090B2B4EED2900995895 /* MoonShotApp.swift in Sources */ = {isa = PBXBuildFile; fileRef = F032090A2B4EED2900995895 /* MoonShotApp.swift */; };
		F032090D2B4EED2900995895 /* ContentView.swift in Sources */ = {isa = PBXBuildFile; fileRef = F032090C2B4EED2900995895 /* ContentView.swift */; };
		F032090F2B4EED2A00995895 /* Assets.xcassets in Resources */ = {isa = PBXBuildFile; fileRef = F032090E2B4EED2A00995895 /* Assets.xcassets */; };
		F03209122B4EED2A00995895 /* Preview Assets.xcassets in Resources */ = {isa = PBXBuildFile; fileRef = F03209112B4EED2A00995895 /* Preview Assets.xcassets */; };
		F032091C2B4EED2A00995895 /* MoonShotTests.swift in Sources */ = {isa = PBXBuildFile; fileRef = F032091B2B4EED2A00995895 /* MoonShotTests.swift */; };
		F03209262B4EED2A00995895 /* MoonShotUITests.swift in Sources */ = {isa = PBXBuildFile; fileRef = F03209252B4EED2A00995895 /* MoonShotUITests.swift */; };
		F03209282B4EED2A00995895 /* MoonShotUITestsLaunchTests.swift in Sources */ = {isa = PBXBuildFile; fileRef = F03209272B4EED2A00995895 /* MoonShotUITestsLaunchTests.swift */; };
		F03209352B4EEFE400995895 /* missions.json in Resources */ = {isa = PBXBuildFile; fileRef = F03209342B4EEFE400995895 /* missions.json */; };
		F03209372B4EEFEB00995895 /* astronauts.json in Resources */ = {isa = PBXBuildFile; fileRef = F03209362B4EEFEB00995895 /* astronauts.json */; };
		F03209392B514FAC00995895 /* Astronaut.swift in Sources */ = {isa = PBXBuildFile; fileRef = F03209382B514FAC00995895 /* Astronaut.swift */; };
		F032093A2B514FAC00995895 /* Astronaut.swift in Sources */ = {isa = PBXBuildFile; fileRef = F03209382B514FAC00995895 /* Astronaut.swift */; };
		F032093B2B514FAC00995895 /* Astronaut.swift in Sources */ = {isa = PBXBuildFile; fileRef = F03209382B514FAC00995895 /* Astronaut.swift */; };
		F032093D2B51563100995895 /* Bundle-Decodable.swift in Sources */ = {isa = PBXBuildFile; fileRef = F032093C2B51563100995895 /* Bundle-Decodable.swift */; };
		F032093E2B51563100995895 /* Bundle-Decodable.swift in Sources */ = {isa = PBXBuildFile; fileRef = F032093C2B51563100995895 /* Bundle-Decodable.swift */; };
		F032093F2B51563100995895 /* Bundle-Decodable.swift in Sources */ = {isa = PBXBuildFile; fileRef = F032093C2B51563100995895 /* Bundle-Decodable.swift */; };
		F03209412B51DA5B00995895 /* Missions.swift in Sources */ = {isa = PBXBuildFile; fileRef = F03209402B51DA5B00995895 /* Missions.swift */; };
		F03209422B51DA5B00995895 /* Missions.swift in Sources */ = {isa = PBXBuildFile; fileRef = F03209402B51DA5B00995895 /* Missions.swift */; };
		F03209432B51DA5B00995895 /* Missions.swift in Sources */ = {isa = PBXBuildFile; fileRef = F03209402B51DA5B00995895 /* Missions.swift */; };
		F043C2972B55DCA70061E102 /* Color-Theme.swift in Sources */ = {isa = PBXBuildFile; fileRef = F043C2962B55DCA70061E102 /* Color-Theme.swift */; };
		F043C2992B5687FB0061E102 /* MissionView.swift in Sources */ = {isa = PBXBuildFile; fileRef = F043C2982B5687FB0061E102 /* MissionView.swift */; };
		F043C2A12B59E0620061E102 /* AstranoutDetailsView.swift in Sources */ = {isa = PBXBuildFile; fileRef = F043C2A02B59E0620061E102 /* AstranoutDetailsView.swift */; };
/* End PBXBuildFile section */

/* Begin PBXContainerItemProxy section */
		F03209182B4EED2A00995895 /* PBXContainerItemProxy */ = {
			isa = PBXContainerItemProxy;
			containerPortal = F03208FF2B4EED2900995895 /* Project object */;
			proxyType = 1;
			remoteGlobalIDString = F03209062B4EED2900995895;
			remoteInfo = MoonShot;
		};
		F03209222B4EED2A00995895 /* PBXContainerItemProxy */ = {
			isa = PBXContainerItemProxy;
			containerPortal = F03208FF2B4EED2900995895 /* Project object */;
			proxyType = 1;
			remoteGlobalIDString = F03209062B4EED2900995895;
			remoteInfo = MoonShot;
		};
/* End PBXContainerItemProxy section */

/* Begin PBXFileReference section */
		F03209072B4EED2900995895 /* MoonShot.app */ = {isa = PBXFileReference; explicitFileType = wrapper.application; includeInIndex = 0; path = MoonShot.app; sourceTree = BUILT_PRODUCTS_DIR; };
		F032090A2B4EED2900995895 /* MoonShotApp.swift */ = {isa = PBXFileReference; lastKnownFileType = sourcecode.swift; path = MoonShotApp.swift; sourceTree = "<group>"; };
		F032090C2B4EED2900995895 /* ContentView.swift */ = {isa = PBXFileReference; lastKnownFileType = sourcecode.swift; path = ContentView.swift; sourceTree = "<group>"; };
		F032090E2B4EED2A00995895 /* Assets.xcassets */ = {isa = PBXFileReference; lastKnownFileType = folder.assetcatalog; path = Assets.xcassets; sourceTree = "<group>"; };
		F03209112B4EED2A00995895 /* Preview Assets.xcassets */ = {isa = PBXFileReference; lastKnownFileType = folder.assetcatalog; path = "Preview Assets.xcassets"; sourceTree = "<group>"; };
		F03209172B4EED2A00995895 /* MoonShotTests.xctest */ = {isa = PBXFileReference; explicitFileType = wrapper.cfbundle; includeInIndex = 0; path = MoonShotTests.xctest; sourceTree = BUILT_PRODUCTS_DIR; };
		F032091B2B4EED2A00995895 /* MoonShotTests.swift */ = {isa = PBXFileReference; lastKnownFileType = sourcecode.swift; path = MoonShotTests.swift; sourceTree = "<group>"; };
		F03209212B4EED2A00995895 /* MoonShotUITests.xctest */ = {isa = PBXFileReference; explicitFileType = wrapper.cfbundle; includeInIndex = 0; path = MoonShotUITests.xctest; sourceTree = BUILT_PRODUCTS_DIR; };
		F03209252B4EED2A00995895 /* MoonShotUITests.swift */ = {isa = PBXFileReference; lastKnownFileType = sourcecode.swift; path = MoonShotUITests.swift; sourceTree = "<group>"; };
		F03209272B4EED2A00995895 /* MoonShotUITestsLaunchTests.swift */ = {isa = PBXFileReference; lastKnownFileType = sourcecode.swift; path = MoonShotUITestsLaunchTests.swift; sourceTree = "<group>"; };
		F03209342B4EEFE400995895 /* missions.json */ = {isa = PBXFileReference; fileEncoding = 4; lastKnownFileType = text.json; path = missions.json; sourceTree = "<group>"; };
		F03209362B4EEFEB00995895 /* astronauts.json */ = {isa = PBXFileReference; fileEncoding = 4; lastKnownFileType = text.json; path = astronauts.json; sourceTree = "<group>"; };
		F03209382B514FAC00995895 /* Astronaut.swift */ = {isa = PBXFileReference; lastKnownFileType = sourcecode.swift; path = Astronaut.swift; sourceTree = "<group>"; };
		F032093C2B51563100995895 /* Bundle-Decodable.swift */ = {isa = PBXFileReference; lastKnownFileType = sourcecode.swift; path = "Bundle-Decodable.swift"; sourceTree = "<group>"; };
		F03209402B51DA5B00995895 /* Missions.swift */ = {isa = PBXFileReference; lastKnownFileType = sourcecode.swift; path = Missions.swift; sourceTree = "<group>"; };
		F043C2962B55DCA70061E102 /* Color-Theme.swift */ = {isa = PBXFileReference; lastKnownFileType = sourcecode.swift; path = "Color-Theme.swift"; sourceTree = "<group>"; };
		F043C2982B5687FB0061E102 /* MissionView.swift */ = {isa = PBXFileReference; lastKnownFileType = sourcecode.swift; path = MissionView.swift; sourceTree = "<group>"; };
		F043C2A02B59E0620061E102 /* AstranoutDetailsView.swift */ = {isa = PBXFileReference; lastKnownFileType = sourcecode.swift; path = AstranoutDetailsView.swift; sourceTree = "<group>"; };
/* End PBXFileReference section */

/* Begin PBXFrameworksBuildPhase section */
		F03209042B4EED2900995895 /* Frameworks */ = {
			isa = PBXFrameworksBuildPhase;
			buildActionMask = 2147483647;
			files = (
			);
			runOnlyForDeploymentPostprocessing = 0;
		};
		F03209142B4EED2A00995895 /* Frameworks */ = {
			isa = PBXFrameworksBuildPhase;
			buildActionMask = 2147483647;
			files = (
			);
			runOnlyForDeploymentPostprocessing = 0;
		};
		F032091E2B4EED2A00995895 /* Frameworks */ = {
			isa = PBXFrameworksBuildPhase;
			buildActionMask = 2147483647;
			files = (
			);
			runOnlyForDeploymentPostprocessing = 0;
		};
/* End PBXFrameworksBuildPhase section */

/* Begin PBXGroup section */
		F03208FE2B4EED2900995895 = {
			isa = PBXGroup;
			children = (
				F03209092B4EED2900995895 /* MoonShot */,
				F032091A2B4EED2A00995895 /* MoonShotTests */,
				F03209242B4EED2A00995895 /* MoonShotUITests */,
				F03209082B4EED2900995895 /* Products */,
			);
			sourceTree = "<group>";
		};
		F03209082B4EED2900995895 /* Products */ = {
			isa = PBXGroup;
			children = (
				F03209072B4EED2900995895 /* MoonShot.app */,
				F03209172B4EED2A00995895 /* MoonShotTests.xctest */,
				F03209212B4EED2A00995895 /* MoonShotUITests.xctest */,
			);
			name = Products;
			sourceTree = "<group>";
		};
		F03209092B4EED2900995895 /* MoonShot */ = {
			isa = PBXGroup;
			children = (
				F032090A2B4EED2900995895 /* MoonShotApp.swift */,
				F032090C2B4EED2900995895 /* ContentView.swift */,
				F043C2A02B59E0620061E102 /* AstranoutDetailsView.swift */,
				F043C2982B5687FB0061E102 /* MissionView.swift */,
				F03209382B514FAC00995895 /* Astronaut.swift */,
				F03209402B51DA5B00995895 /* Missions.swift */,
				F032093C2B51563100995895 /* Bundle-Decodable.swift */,
				F043C2962B55DCA70061E102 /* Color-Theme.swift */,
				F03209362B4EEFEB00995895 /* astronauts.json */,
				F03209342B4EEFE400995895 /* missions.json */,
				F032090E2B4EED2A00995895 /* Assets.xcassets */,
				F03209102B4EED2A00995895 /* Preview Content */,
			);
			path = MoonShot;
			sourceTree = "<group>";
		};
		F03209102B4EED2A00995895 /* Preview Content */ = {
			isa = PBXGroup;
			children = (
				F03209112B4EED2A00995895 /* Preview Assets.xcassets */,
			);
			path = "Preview Content";
			sourceTree = "<group>";
		};
		F032091A2B4EED2A00995895 /* MoonShotTests */ = {
			isa = PBXGroup;
			children = (
				F032091B2B4EED2A00995895 /* MoonShotTests.swift */,
			);
			path = MoonShotTests;
			sourceTree = "<group>";
		};
		F03209242B4EED2A00995895 /* MoonShotUITests */ = {
			isa = PBXGroup;
			children = (
				F03209252B4EED2A00995895 /* MoonShotUITests.swift */,
				F03209272B4EED2A00995895 /* MoonShotUITestsLaunchTests.swift */,
			);
			path = MoonShotUITests;
			sourceTree = "<group>";
		};
/* End PBXGroup section */

/* Begin PBXNativeTarget section */
		F03209062B4EED2900995895 /* MoonShot */ = {
			isa = PBXNativeTarget;
			buildConfigurationList = F032092B2B4EED2A00995895 /* Build configuration list for PBXNativeTarget "MoonShot" */;
			buildPhases = (
				F03209032B4EED2900995895 /* Sources */,
				F03209042B4EED2900995895 /* Frameworks */,
				F03209052B4EED2900995895 /* Resources */,
			);
			buildRules = (
			);
			dependencies = (
			);
			name = MoonShot;
			productName = MoonShot;
			productReference = F03209072B4EED2900995895 /* MoonShot.app */;
			productType = "com.apple.product-type.application";
		};
		F03209162B4EED2A00995895 /* MoonShotTests */ = {
			isa = PBXNativeTarget;
			buildConfigurationList = F032092E2B4EED2A00995895 /* Build configuration list for PBXNativeTarget "MoonShotTests" */;
			buildPhases = (
				F03209132B4EED2A00995895 /* Sources */,
				F03209142B4EED2A00995895 /* Frameworks */,
				F03209152B4EED2A00995895 /* Resources */,
			);
			buildRules = (
			);
			dependencies = (
				F03209192B4EED2A00995895 /* PBXTargetDependency */,
			);
			name = MoonShotTests;
			productName = MoonShotTests;
			productReference = F03209172B4EED2A00995895 /* MoonShotTests.xctest */;
			productType = "com.apple.product-type.bundle.unit-test";
		};
		F03209202B4EED2A00995895 /* MoonShotUITests */ = {
			isa = PBXNativeTarget;
			buildConfigurationList = F03209312B4EED2A00995895 /* Build configuration list for PBXNativeTarget "MoonShotUITests" */;
			buildPhases = (
				F032091D2B4EED2A00995895 /* Sources */,
				F032091E2B4EED2A00995895 /* Frameworks */,
				F032091F2B4EED2A00995895 /* Resources */,
			);
			buildRules = (
			);
			dependencies = (
				F03209232B4EED2A00995895 /* PBXTargetDependency */,
			);
			name = MoonShotUITests;
			productName = MoonShotUITests;
			productReference = F03209212B4EED2A00995895 /* MoonShotUITests.xctest */;
			productType = "com.apple.product-type.bundle.ui-testing";
		};
/* End PBXNativeTarget section */

/* Begin PBXProject section */
		F03208FF2B4EED2900995895 /* Project object */ = {
			isa = PBXProject;
			attributes = {
				BuildIndependentTargetsInParallel = 1;
				LastSwiftUpdateCheck = 1430;
				LastUpgradeCheck = 1430;
				TargetAttributes = {
					F03209062B4EED2900995895 = {
						CreatedOnToolsVersion = 14.3.1;
					};
					F03209162B4EED2A00995895 = {
						CreatedOnToolsVersion = 14.3.1;
						TestTargetID = F03209062B4EED2900995895;
					};
					F03209202B4EED2A00995895 = {
						CreatedOnToolsVersion = 14.3.1;
						TestTargetID = F03209062B4EED2900995895;
					};
				};
			};
			buildConfigurationList = F03209022B4EED2900995895 /* Build configuration list for PBXProject "MoonShot" */;
			compatibilityVersion = "Xcode 14.0";
			developmentRegion = en;
			hasScannedForEncodings = 0;
			knownRegions = (
				en,
				Base,
			);
			mainGroup = F03208FE2B4EED2900995895;
			productRefGroup = F03209082B4EED2900995895 /* Products */;
			projectDirPath = "";
			projectRoot = "";
			targets = (
				F03209062B4EED2900995895 /* MoonShot */,
				F03209162B4EED2A00995895 /* MoonShotTests */,
				F03209202B4EED2A00995895 /* MoonShotUITests */,
			);
		};
/* End PBXProject section */

/* Begin PBXResourcesBuildPhase section */
		F03209052B4EED2900995895 /* Resources */ = {
			isa = PBXResourcesBuildPhase;
			buildActionMask = 2147483647;
			files = (
				F03209122B4EED2A00995895 /* Preview Assets.xcassets in Resources */,
				F03209352B4EEFE400995895 /* missions.json in Resources */,
				F032090F2B4EED2A00995895 /* Assets.xcassets in Resources */,
				F03209372B4EEFEB00995895 /* astronauts.json in Resources */,
			);
			runOnlyForDeploymentPostprocessing = 0;
		};
		F03209152B4EED2A00995895 /* Resources */ = {
			isa = PBXResourcesBuildPhase;
			buildActionMask = 2147483647;
			files = (
			);
			runOnlyForDeploymentPostprocessing = 0;
		};
		F032091F2B4EED2A00995895 /* Resources */ = {
			isa = PBXResourcesBuildPhase;
			buildActionMask = 2147483647;
			files = (
			);
			runOnlyForDeploymentPostprocessing = 0;
		};
/* End PBXResourcesBuildPhase section */

/* Begin PBXSourcesBuildPhase section */
		F03209032B4EED2900995895 /* Sources */ = {
			isa = PBXSourcesBuildPhase;
			buildActionMask = 2147483647;
			files = (
				F043C2992B5687FB0061E102 /* MissionView.swift in Sources */,
				F03209392B514FAC00995895 /* Astronaut.swift in Sources */,
				F043C2972B55DCA70061E102 /* Color-Theme.swift in Sources */,
				F032090D2B4EED2900995895 /* ContentView.swift in Sources */,
				F03209412B51DA5B00995895 /* Missions.swift in Sources */,
				F032090B2B4EED2900995895 /* MoonShotApp.swift in Sources */,
				F032093D2B51563100995895 /* Bundle-Decodable.swift in Sources */,
				F043C2A12B59E0620061E102 /* AstranoutDetailsView.swift in Sources */,
			);
			runOnlyForDeploymentPostprocessing = 0;
		};
		F03209132B4EED2A00995895 /* Sources */ = {
			isa = PBXSourcesBuildPhase;
			buildActionMask = 2147483647;
			files = (
				F032091C2B4EED2A00995895 /* MoonShotTests.swift in Sources */,
				F032093A2B514FAC00995895 /* Astronaut.swift in Sources */,
				F03209422B51DA5B00995895 /* Missions.swift in Sources */,
				F032093E2B51563100995895 /* Bundle-Decodable.swift in Sources */,
			);
			runOnlyForDeploymentPostprocessing = 0;
		};
		F032091D2B4EED2A00995895 /* Sources */ = {
			isa = PBXSourcesBuildPhase;
			buildActionMask = 2147483647;
			files = (
				F032093B2B514FAC00995895 /* Astronaut.swift in Sources */,
				F03209282B4EED2A00995895 /* MoonShotUITestsLaunchTests.swift in Sources */,
				F03209432B51DA5B00995895 /* Missions.swift in Sources */,
				F03209262B4EED2A00995895 /* MoonShotUITests.swift in Sources */,
				F032093F2B51563100995895 /* Bundle-Decodable.swift in Sources */,
			);
			runOnlyForDeploymentPostprocessing = 0;
		};
/* End PBXSourcesBuildPhase section */

/* Begin PBXTargetDependency section */
		F03209192B4EED2A00995895 /* PBXTargetDependency */ = {
			isa = PBXTargetDependency;
			target = F03209062B4EED2900995895 /* MoonShot */;
			targetProxy = F03209182B4EED2A00995895 /* PBXContainerItemProxy */;
		};
		F03209232B4EED2A00995895 /* PBXTargetDependency */ = {
			isa = PBXTargetDependency;
			target = F03209062B4EED2900995895 /* MoonShot */;
			targetProxy = F03209222B4EED2A00995895 /* PBXContainerItemProxy */;
		};
/* End PBXTargetDependency section */

/* Begin XCBuildConfiguration section */
		F03209292B4EED2A00995895 /* Debug */ = {
			isa = XCBuildConfiguration;
			buildSettings = {
				ALWAYS_SEARCH_USER_PATHS = NO;
				CLANG_ANALYZER_NONNULL = YES;
				CLANG_ANALYZER_NUMBER_OBJECT_CONVERSION = YES_AGGRESSIVE;
				CLANG_CXX_LANGUAGE_STANDARD = "gnu++20";
				CLANG_ENABLE_MODULES = YES;
				CLANG_ENABLE_OBJC_ARC = YES;
				CLANG_ENABLE_OBJC_WEAK = YES;
				CLANG_WARN_BLOCK_CAPTURE_AUTORELEASING = YES;
				CLANG_WARN_BOOL_CONVERSION = YES;
				CLANG_WARN_COMMA = YES;
				CLANG_WARN_CONSTANT_CONVERSION = YES;
				CLANG_WARN_DEPRECATED_OBJC_IMPLEMENTATIONS = YES;
				CLANG_WARN_DIRECT_OBJC_ISA_USAGE = YES_ERROR;
				CLANG_WARN_DOCUMENTATION_COMMENTS = YES;
				CLANG_WARN_EMPTY_BODY = YES;
				CLANG_WARN_ENUM_CONVERSION = YES;
				CLANG_WARN_INFINITE_RECURSION = YES;
				CLANG_WARN_INT_CONVERSION = YES;
				CLANG_WARN_NON_LITERAL_NULL_CONVERSION = YES;
				CLANG_WARN_OBJC_IMPLICIT_RETAIN_SELF = YES;
				CLANG_WARN_OBJC_LITERAL_CONVERSION = YES;
				CLANG_WARN_OBJC_ROOT_CLASS = YES_ERROR;
				CLANG_WARN_QUOTED_INCLUDE_IN_FRAMEWORK_HEADER = YES;
				CLANG_WARN_RANGE_LOOP_ANALYSIS = YES;
				CLANG_WARN_STRICT_PROTOTYPES = YES;
				CLANG_WARN_SUSPICIOUS_MOVE = YES;
				CLANG_WARN_UNGUARDED_AVAILABILITY = YES_AGGRESSIVE;
				CLANG_WARN_UNREACHABLE_CODE = YES;
				CLANG_WARN__DUPLICATE_METHOD_MATCH = YES;
				COPY_PHASE_STRIP = NO;
				DEBUG_INFORMATION_FORMAT = dwarf;
				ENABLE_STRICT_OBJC_MSGSEND = YES;
				ENABLE_TESTABILITY = YES;
				GCC_C_LANGUAGE_STANDARD = gnu11;
				GCC_DYNAMIC_NO_PIC = NO;
				GCC_NO_COMMON_BLOCKS = YES;
				GCC_OPTIMIZATION_LEVEL = 0;
				GCC_PREPROCESSOR_DEFINITIONS = (
					"DEBUG=1",
					"$(inherited)",
				);
				GCC_WARN_64_TO_32_BIT_CONVERSION = YES;
				GCC_WARN_ABOUT_RETURN_TYPE = YES_ERROR;
				GCC_WARN_UNDECLARED_SELECTOR = YES;
				GCC_WARN_UNINITIALIZED_AUTOS = YES_AGGRESSIVE;
				GCC_WARN_UNUSED_FUNCTION = YES;
				GCC_WARN_UNUSED_VARIABLE = YES;
				IPHONEOS_DEPLOYMENT_TARGET = 16.4;
				MTL_ENABLE_DEBUG_INFO = INCLUDE_SOURCE;
				MTL_FAST_MATH = YES;
				ONLY_ACTIVE_ARCH = YES;
				SDKROOT = iphoneos;
				SWIFT_ACTIVE_COMPILATION_CONDITIONS = DEBUG;
				SWIFT_OPTIMIZATION_LEVEL = "-Onone";
			};
			name = Debug;
		};
		F032092A2B4EED2A00995895 /* Release */ = {
			isa = XCBuildConfiguration;
			buildSettings = {
				ALWAYS_SEARCH_USER_PATHS = NO;
				CLANG_ANALYZER_NONNULL = YES;
				CLANG_ANALYZER_NUMBER_OBJECT_CONVERSION = YES_AGGRESSIVE;
				CLANG_CXX_LANGUAGE_STANDARD = "gnu++20";
				CLANG_ENABLE_MODULES = YES;
				CLANG_ENABLE_OBJC_ARC = YES;
				CLANG_ENABLE_OBJC_WEAK = YES;
				CLANG_WARN_BLOCK_CAPTURE_AUTORELEASING = YES;
				CLANG_WARN_BOOL_CONVERSION = YES;
				CLANG_WARN_COMMA = YES;
				CLANG_WARN_CONSTANT_CONVERSION = YES;
				CLANG_WARN_DEPRECATED_OBJC_IMPLEMENTATIONS = YES;
				CLANG_WARN_DIRECT_OBJC_ISA_USAGE = YES_ERROR;
				CLANG_WARN_DOCUMENTATION_COMMENTS = YES;
				CLANG_WARN_EMPTY_BODY = YES;
				CLANG_WARN_ENUM_CONVERSION = YES;
				CLANG_WARN_INFINITE_RECURSION = YES;
				CLANG_WARN_INT_CONVERSION = YES;
				CLANG_WARN_NON_LITERAL_NULL_CONVERSION = YES;
				CLANG_WARN_OBJC_IMPLICIT_RETAIN_SELF = YES;
				CLANG_WARN_OBJC_LITERAL_CONVERSION = YES;
				CLANG_WARN_OBJC_ROOT_CLASS = YES_ERROR;
				CLANG_WARN_QUOTED_INCLUDE_IN_FRAMEWORK_HEADER = YES;
				CLANG_WARN_RANGE_LOOP_ANALYSIS = YES;
				CLANG_WARN_STRICT_PROTOTYPES = YES;
				CLANG_WARN_SUSPICIOUS_MOVE = YES;
				CLANG_WARN_UNGUARDED_AVAILABILITY = YES_AGGRESSIVE;
				CLANG_WARN_UNREACHABLE_CODE = YES;
				CLANG_WARN__DUPLICATE_METHOD_MATCH = YES;
				COPY_PHASE_STRIP = NO;
				DEBUG_INFORMATION_FORMAT = "dwarf-with-dsym";
				ENABLE_NS_ASSERTIONS = NO;
				ENABLE_STRICT_OBJC_MSGSEND = YES;
				GCC_C_LANGUAGE_STANDARD = gnu11;
				GCC_NO_COMMON_BLOCKS = YES;
				GCC_WARN_64_TO_32_BIT_CONVERSION = YES;
				GCC_WARN_ABOUT_RETURN_TYPE = YES_ERROR;
				GCC_WARN_UNDECLARED_SELECTOR = YES;
				GCC_WARN_UNINITIALIZED_AUTOS = YES_AGGRESSIVE;
				GCC_WARN_UNUSED_FUNCTION = YES;
				GCC_WARN_UNUSED_VARIABLE = YES;
				IPHONEOS_DEPLOYMENT_TARGET = 16.4;
				MTL_ENABLE_DEBUG_INFO = NO;
				MTL_FAST_MATH = YES;
				SDKROOT = iphoneos;
				SWIFT_COMPILATION_MODE = wholemodule;
				SWIFT_OPTIMIZATION_LEVEL = "-O";
				VALIDATE_PRODUCT = YES;
			};
			name = Release;
		};
		F032092C2B4EED2A00995895 /* Debug */ = {
			isa = XCBuildConfiguration;
			buildSettings = {
				ASSETCATALOG_COMPILER_APPICON_NAME = AppIcon;
				ASSETCATALOG_COMPILER_GLOBAL_ACCENT_COLOR_NAME = AccentColor;
				CODE_SIGN_STYLE = Automatic;
				CURRENT_PROJECT_VERSION = 1;
				DEVELOPMENT_ASSET_PATHS = "\"MoonShot/Preview Content\"";
				DEVELOPMENT_TEAM = 9FGCZRAZC6;
				ENABLE_PREVIEWS = YES;
				GENERATE_INFOPLIST_FILE = YES;
				INFOPLIST_KEY_UIApplicationSceneManifest_Generation = YES;
				INFOPLIST_KEY_UIApplicationSupportsIndirectInputEvents = YES;
				INFOPLIST_KEY_UILaunchScreen_Generation = YES;
				INFOPLIST_KEY_UISupportedInterfaceOrientations_iPad = "UIInterfaceOrientationPortrait UIInterfaceOrientationPortraitUpsideDown UIInterfaceOrientationLandscapeLeft UIInterfaceOrientationLandscapeRight";
				INFOPLIST_KEY_UISupportedInterfaceOrientations_iPhone = "UIInterfaceOrientationPortrait UIInterfaceOrientationLandscapeLeft UIInterfaceOrientationLandscapeRight";
				LD_RUNPATH_SEARCH_PATHS = (
					"$(inherited)",
					"@executable_path/Frameworks",
				);
				MARKETING_VERSION = 1.0;
				PRODUCT_BUNDLE_IDENTIFIER = brkdev.MoonShot;
				PRODUCT_NAME = "$(TARGET_NAME)";
				SWIFT_EMIT_LOC_STRINGS = YES;
				SWIFT_VERSION = 5.0;
				TARGETED_DEVICE_FAMILY = "1,2";
			};
			name = Debug;
		};
		F032092D2B4EED2A00995895 /* Release */ = {
			isa = XCBuildConfiguration;
			buildSettings = {
				ASSETCATALOG_COMPILER_APPICON_NAME = AppIcon;
				ASSETCATALOG_COMPILER_GLOBAL_ACCENT_COLOR_NAME = AccentColor;
				CODE_SIGN_STYLE = Automatic;
				CURRENT_PROJECT_VERSION = 1;
				DEVELOPMENT_ASSET_PATHS = "\"MoonShot/Preview Content\"";
				DEVELOPMENT_TEAM = 9FGCZRAZC6;
				ENABLE_PREVIEWS = YES;
				GENERATE_INFOPLIST_FILE = YES;
				INFOPLIST_KEY_UIApplicationSceneManifest_Generation = YES;
				INFOPLIST_KEY_UIApplicationSupportsIndirectInputEvents = YES;
				INFOPLIST_KEY_UILaunchScreen_Generation = YES;
				INFOPLIST_KEY_UISupportedInterfaceOrientations_iPad = "UIInterfaceOrientationPortrait UIInterfaceOrientationPortraitUpsideDown UIInterfaceOrientationLandscapeLeft UIInterfaceOrientationLandscapeRight";
				INFOPLIST_KEY_UISupportedInterfaceOrientations_iPhone = "UIInterfaceOrientationPortrait UIInterfaceOrientationLandscapeLeft UIInterfaceOrientationLandscapeRight";
				LD_RUNPATH_SEARCH_PATHS = (
					"$(inherited)",
					"@executable_path/Frameworks",
				);
				MARKETING_VERSION = 1.0;
				PRODUCT_BUNDLE_IDENTIFIER = brkdev.MoonShot;
				PRODUCT_NAME = "$(TARGET_NAME)";
				SWIFT_EMIT_LOC_STRINGS = YES;
				SWIFT_VERSION = 5.0;
				TARGETED_DEVICE_FAMILY = "1,2";
			};
			name = Release;
		};
		F032092F2B4EED2A00995895 /* Debug */ = {
			isa = XCBuildConfiguration;
			buildSettings = {
				ALWAYS_EMBED_SWIFT_STANDARD_LIBRARIES = YES;
				BUNDLE_LOADER = "$(TEST_HOST)";
				CODE_SIGN_STYLE = Automatic;
				CURRENT_PROJECT_VERSION = 1;
				DEVELOPMENT_TEAM = 9FGCZRAZC6;
				GENERATE_INFOPLIST_FILE = YES;
				IPHONEOS_DEPLOYMENT_TARGET = 16.4;
				MARKETING_VERSION = 1.0;
				PRODUCT_BUNDLE_IDENTIFIER = brkdev.MoonShotTests;
				PRODUCT_NAME = "$(TARGET_NAME)";
				SWIFT_EMIT_LOC_STRINGS = NO;
				SWIFT_VERSION = 5.0;
				TARGETED_DEVICE_FAMILY = "1,2";
				TEST_HOST = "$(BUILT_PRODUCTS_DIR)/MoonShot.app/$(BUNDLE_EXECUTABLE_FOLDER_PATH)/MoonShot";
			};
			name = Debug;
		};
		F03209302B4EED2A00995895 /* Release */ = {
			isa = XCBuildConfiguration;
			buildSettings = {
				ALWAYS_EMBED_SWIFT_STANDARD_LIBRARIES = YES;
				BUNDLE_LOADER = "$(TEST_HOST)";
				CODE_SIGN_STYLE = Automatic;
				CURRENT_PROJECT_VERSION = 1;
				DEVELOPMENT_TEAM = 9FGCZRAZC6;
				GENERATE_INFOPLIST_FILE = YES;
				IPHONEOS_DEPLOYMENT_TARGET = 16.4;
				MARKETING_VERSION = 1.0;
				PRODUCT_BUNDLE_IDENTIFIER = brkdev.MoonShotTests;
				PRODUCT_NAME = "$(TARGET_NAME)";
				SWIFT_EMIT_LOC_STRINGS = NO;
				SWIFT_VERSION = 5.0;
				TARGETED_DEVICE_FAMILY = "1,2";
				TEST_HOST = "$(BUILT_PRODUCTS_DIR)/MoonShot.app/$(BUNDLE_EXECUTABLE_FOLDER_PATH)/MoonShot";
			};
			name = Release;
		};
		F03209322B4EED2A00995895 /* Debug */ = {
			isa = XCBuildConfiguration;
			buildSettings = {
				ALWAYS_EMBED_SWIFT_STANDARD_LIBRARIES = YES;
				CODE_SIGN_STYLE = Automatic;
				CURRENT_PROJECT_VERSION = 1;
				DEVELOPMENT_TEAM = 9FGCZRAZC6;
				GENERATE_INFOPLIST_FILE = YES;
				MARKETING_VERSION = 1.0;
				PRODUCT_BUNDLE_IDENTIFIER = brkdev.MoonShotUITests;
				PRODUCT_NAME = "$(TARGET_NAME)";
				SWIFT_EMIT_LOC_STRINGS = NO;
				SWIFT_VERSION = 5.0;
				TARGETED_DEVICE_FAMILY = "1,2";
				TEST_TARGET_NAME = MoonShot;
			};
			name = Debug;
		};
		F03209332B4EED2A00995895 /* Release */ = {
			isa = XCBuildConfiguration;
			buildSettings = {
				ALWAYS_EMBED_SWIFT_STANDARD_LIBRARIES = YES;
				CODE_SIGN_STYLE = Automatic;
				CURRENT_PROJECT_VERSION = 1;
				DEVELOPMENT_TEAM = 9FGCZRAZC6;
				GENERATE_INFOPLIST_FILE = YES;
				MARKETING_VERSION = 1.0;
				PRODUCT_BUNDLE_IDENTIFIER = brkdev.MoonShotUITests;
				PRODUCT_NAME = "$(TARGET_NAME)";
				SWIFT_EMIT_LOC_STRINGS = NO;
				SWIFT_VERSION = 5.0;
				TARGETED_DEVICE_FAMILY = "1,2";
				TEST_TARGET_NAME = MoonShot;
			};
			name = Release;
		};
/* End XCBuildConfiguration section */

/* Begin XCConfigurationList section */
		F03209022B4EED2900995895 /* Build configuration list for PBXProject "MoonShot" */ = {
			isa = XCConfigurationList;
			buildConfigurations = (
				F03209292B4EED2A00995895 /* Debug */,
				F032092A2B4EED2A00995895 /* Release */,
			);
			defaultConfigurationIsVisible = 0;
			defaultConfigurationName = Release;
		};
		F032092B2B4EED2A00995895 /* Build configuration list for PBXNativeTarget "MoonShot" */ = {
			isa = XCConfigurationList;
			buildConfigurations = (
				F032092C2B4EED2A00995895 /* Debug */,
				F032092D2B4EED2A00995895 /* Release */,
			);
			defaultConfigurationIsVisible = 0;
			defaultConfigurationName = Release;
		};
		F032092E2B4EED2A00995895 /* Build configuration list for PBXNativeTarget "MoonShotTests" */ = {
			isa = XCConfigurationList;
			buildConfigurations = (
				F032092F2B4EED2A00995895 /* Debug */,
				F03209302B4EED2A00995895 /* Release */,
			);
			defaultConfigurationIsVisible = 0;
			defaultConfigurationName = Release;
		};
		F03209312B4EED2A00995895 /* Build configuration list for PBXNativeTarget "MoonShotUITests" */ = {
			isa = XCConfigurationList;
			buildConfigurations = (
				F03209322B4EED2A00995895 /* Debug */,
				F03209332B4EED2A00995895 /* Release */,
			);
			defaultConfigurationIsVisible = 0;
			defaultConfigurationName = Release;
		};
/* End XCConfigurationList section */
	};
	rootObject = F03208FF2B4EED2900995895 /* Project object */;
}
